github.com/BurntSushi/toml v0.0.0-20130929175405-2dff11163ee6 h1:mk3iNkH6IE+aS8Xi5dfasHQNtPGmBFy+Rn137Ko4Wn4=
github.com/BurntSushi/toml v0.0.0-20130929175405-2dff11163ee6/go.mod h1:xHWCNGjB5oqiDr8zfno3MHue2Ht5sIBksp03qcyfWMU=
github.com/bitly/go-hostpool v0.0.0-20130417212715-58b95b10d6ca h1:gG/OZtugfLmNHDQzkVt4iq4utlpYtimKmFMcCdbRqZk=
github.com/bitly/go-hostpool v0.0.0-20130417212715-58b95b10d6ca/go.mod h1:NOuUCSz6Q9T7+igc/hlvDOUdtWKryOrtFyIVABv/p7k=
github.com/bitly/go-simplejson v0.4.4-0.20150331164603-18db6e68d8fd h1:favzalQbi57B0kvFkC9wrLAoWW1nsf8o/e9H+/M5Dz4=
github.com/bitly/go-simplejson v0.4.4-0.20150331164603-18db6e68d8fd/go.mod h1:cXHtHw4XUPsvGaxgjIAn8PhEWG9NfngEKAMDJEczWVA=
github.com/bitly/timer_metrics v0.0.0-20150203034119-afad1794bb13 h1:5LHaTcziKR0jawDrvCMA5mtytTPe9+B6aaPzAceEs14=
github.com/bitly/timer_metrics v0.0.0-20150203034119-afad1794bb13/go.mod h1:EJqiy/5FjJk5tEOxXhnxvFijOmeB5ka1D2fvqHOXUXA=
github.com/blang/semver v2.1.0+incompatible h1:TtbN5kU/oDXfHg4iuCEQ+vUTdr8ED02yUWG0f5VPVs8=
github.com/blang/semver v2.1.0+incompatible/go.mod h1:kRBLl5iJ+tD4TcOOxsy/0fnwebNt5EWlYSAyrTnjyyk=
github.com/bmizerany/perks v0.0.0-20140429223840-6cb9d9d72930 h1:96htJKLOP8bziHYfiB1P1Jox0QVYfKP0cBBM7773OZk=
github.com/bmizerany/perks v0.0.0-20140429223840-6cb9d9d72930/go.mod h1:ac9efd0D1fsDb3EJvhqgXRbFx7bs2wqZ10HQPeU8U/Q=
github.com/judwhite/go-svc v1.0.0 h1:W447kYhZsqC14hkfNG8XLy9wbYibeMW75g5DtAIpFGw=
github.com/judwhite/go-svc v1.0.0/go.mod h1:EeMSAFO3mLgEQfcvnZ50JDG0O1uQlagpAbMS6talrXE=
github.com/julienschmidt/httprouter v1.1.1-0.20150708215400-6aacfd5ab513 h1:wwfbioHElhBZFvC8HQBHdeZGnxXkX9VqfBsRChp4YwA=
github.com/julienschmidt/httprouter v1.1.1-0.20150708215400-6aacfd5ab513/go.mod h1:SYymIcj16QtmaHHD7aYtjjsJG7VTCxuUUipMqKk8s4w=
github.com/mreiferson/go-options v0.0.0-20160412121024-7ae3226d3e1f h1:4YoAplqaPJpNBbfHOP79ELiNzO2kAeOd+QjPbcreleE=
github.com/mreiferson/go-options v0.0.0-20160412121024-7ae3226d3e1f/go.mod h1:A0JOgZNsj9V+npbgxH0Ib75PvrHS6Ezri/4HdcTp/DI=
github.com/mreiferson/go-snappystream v0.2.3 h1:ETSjz9NhUz13J3Aq0NisB/8h0nb2QG8DAcQNEw1T8cw=
github.com/mreiferson/go-snappystream v0.2.3/go.mod h1:hPB+SkMcb49n7i7BErAtgT4jFQcaCVp6Vyu7aZ46qQo=
github.com/nsqio/go-nsq v1.0.6-0.20160415210702-642a3f9935f1 h1:O8niPxPkRDsFUi53ONAdXj9zq9kIbcA45q/X4vOQz0c=
github.com/nsqio/go-nsq v1.0.6-0.20160415210702-642a3f9935f1/go.mod h1:XP5zaUs3pqf+Q71EqUJs3HYfBIqfK6G83WQMdNN+Ito=
golang.org/x/sys v0.0.0-20210616094352-59db8d763f22 h1:RqytpXGR1iVNX7psjB3ff8y7sNFinVFvkx1c8SjBkio=
golang.org/x/sys v0.0.0-20210616094352-59db8d763f22/go.mod h1:oPkhp1MJrh7nUepCBck5+mAzfO9JrbApNNgaTdGDITg=
